
Microsoft Visual Studio Solution File, Format Version 12.00
# Visual Studio 15
VisualStudioVersion = 15.0.27428.2002
MinimumVisualStudioVersion = 10.0.40219.1
Project("{888888A0-9F3D-457C-B088-3A5042F75D52}") = "camera_intake", "camera_intake\camera_intake.pyproj", "{1C41300B-B984-4245-8784-7946C2397AC4}"
EndProject
Global
	GlobalSection(SolutionConfigurationPlatforms) = preSolution
		Debug|Any CPU = Debug|Any CPU
		Release|Any CPU = Release|Any CPU
	EndGlobalSection
	GlobalSection(ProjectConfigurationPlatforms) = postSolution
		{1C41300B-B984-4245-8784-7946C2397AC4}.Debug|Any CPU.ActiveCfg = Debug|Any CPU
		{1C41300B-B984-4245-8784-7946C2397AC4}.Release|Any CPU.ActiveCfg = Release|Any CPU
	EndGlobalSection
	GlobalSection(SolutionProperties) = preSolution
		HideSolutionNode = FALSE
	EndGlobalSection
	GlobalSection(ExtensibilityGlobals) = postSolution
		SolutionGuid = {C236F05D-F979-4DE8-A797-013CFFDB6D00}
	EndGlobalSection
EndGlobal
